{
  "requires": true,
  "lockfileVersion": 1,
  "dependencies": {
    "@terraformer/arcgis": {
      "version": "2.0.7",
      "resolved": "https://registry.npmjs.org/@terraformer/arcgis/-/arcgis-2.0.7.tgz",
      "integrity": "sha512-7jIQcnd8RnKsDt1IxmEjq9t7l5fnf0e5c+c1+1GjG4NR+TY0XkJcWtrBv0DWd65uAlDiQYMlEG8ls5dz1GQiuA==",
      "requires": {
        "@terraformer/common": "^2.0.7"
      }
    },
    "@terraformer/common": {
      "version": "2.0.7",
      "resolved": "https://registry.npmjs.org/@terraformer/common/-/common-2.0.7.tgz",
      "integrity": "sha512-8bl+/JT0Rw6FYe2H3FfJS8uQwgzGl+UHs+8JX0TQLHgA4sMDEwObbMwo0iP3FVONwPXrPHEpC5YH7Grve0cl9A=="
    },
    "esri-leaflet": {
      "version": "2.4.1",
      "resolved": "https://registry.npmjs.org/esri-leaflet/-/esri-leaflet-2.4.1.tgz",
      "integrity": "sha512-0ukZIhA9dVx8yYe/ahp2yZm7GmUYTxPktXXHBVPBZoe9I00fkhLsEk2dIt1xa7XsCk/gH+Breb9L5lNALC+Niw==",
      "requires": {
        "@terraformer/arcgis": "^2.0.7",
        "tiny-binary-search": "^1.0.3"
      }
    },
    "esri-leaflet-geocoder": {
      "version": "2.3.2",
      "resolved": "https://registry.npmjs.org/esri-leaflet-geocoder/-/esri-leaflet-geocoder-2.3.2.tgz",
      "integrity": "sha512-WOMLA3saMzC+AlTF3ibFLHPL+JT4+anf5FzUuDRQslbD1RqPfTBGqBCOCBo5UJ1/j1bSYM4Y9AqTqYxHiJ821Q==",
      "requires": {
        "esri-leaflet": "^2.1.4",
        "leaflet": "^1.0.0"
      }
    },
    "leaflet": {
      "version": "1.6.0",
      "resolved": "https://registry.npmjs.org/leaflet/-/leaflet-1.6.0.tgz",
      "integrity": "sha512-CPkhyqWUKZKFJ6K8umN5/D2wrJ2+/8UIpXppY7QDnUZW5bZL5+SEI2J7GBpwh4LIupOKqbNSQXgqmrEJopHVNQ=="
    },
    "leaflet-draw": {
      "version": "1.0.4",
      "resolved": "https://registry.npmjs.org/leaflet-draw/-/leaflet-draw-1.0.4.tgz",
      "integrity": "sha512-rsQ6saQO5ST5Aj6XRFylr5zvarWgzWnrg46zQ1MEOEIHsppdC/8hnN8qMoFvACsPvTioAuysya/TVtog15tyAQ=="
    },
    "lodash.debounce": {
      "version": "4.0.8",
      "resolved": "https://registry.npmjs.org/lodash.debounce/-/lodash.debounce-4.0.8.tgz",
      "integrity": "sha1-gteb/zCmfEAF/9XiUVMArZyk168="
    },
    "nodent-runtime": {
      "version": "3.2.1",
      "resolved": "https://registry.npmjs.org/nodent-runtime/-/nodent-runtime-3.2.1.tgz",
      "integrity": "sha512-7Ws63oC+215smeKJQCxzrK21VFVlCFBkwl0MOObt0HOpVQXs3u483sAmtkF33nNqZ5rSOQjB76fgyPBmAUrtCA=="
    },
    "open-location-code": {
      "version": "1.0.3",
      "resolved": "https://registry.npmjs.org/open-location-code/-/open-location-code-1.0.3.tgz",
      "integrity": "sha1-XqGjTuUiHGyvoEOS4b2Qb9dIj34="
    },
    "tiny-binary-search": {
      "version": "1.0.3",
      "resolved": "https://registry.npmjs.org/tiny-binary-search/-/tiny-binary-search-1.0.3.tgz",
      "integrity": "sha512-STSHX/L5nI9WTLv6wrzJbAPbO7OIISX83KFBh2GVbX1Uz/vgZOU/ANn/8iV6t35yMTpoPzzO+3OQid3mifE0CA=="
    }
  }
}
