{
  "requires": true,
  "lockfileVersion": 1,
  "dependencies": {
    "flatted": {
      "version": "2.0.2",
      "resolved": "https://registry.npmjs.org/flatted/-/flatted-2.0.2.tgz",
      "integrity": "sha512-r5wGx7YeOwNWNlCA0wQ86zKyDLMQr+/RB8xy74M4hTphfmjlijTSSXGuH8rnvKZnfT9i+75zmd8jcKdMR4O6jA=="
    },
    "lodash.merge": {
      "version": "4.6.2",
      "resolved": "https://registry.npmjs.org/lodash.merge/-/lodash.merge-4.6.2.tgz",
      "integrity": "sha512-0KpjqXRVvrYyCsX1swR/XTK0va6VQkQM6MNo7PqW77ByjAhoARA8EfrP1N4+KlKj8YS0ZUCtRT/YUuhyYDujIQ=="
    },
    "vuex-persist": {
      "version": "2.2.0",
      "resolved": "https://registry.npmjs.org/vuex-persist/-/vuex-persist-2.2.0.tgz",
      "integrity": "sha512-o/qbBeMcKZZqMvCXc7kfIew/5cjHxlP1f53rx5YYp3r2tk2kxXYK/UZumxKn7OXywlurl2r0mgkuBzH6nIWFjw==",
      "requires": {
        "flatted": "^2.0.0",
        "lodash.merge": "^4.6.2"
      }
    }
  }
}
